
Microsoft Visual Studio Solution File, Format Version 12.00
# Visual Studio Version 17
VisualStudioVersion = 17.8.34408.163
MinimumVisualStudioVersion = 10.0.40219.1
Project("{FAE04EC0-301F-11D3-BF4B-00C04F79EFBC}") = "my-books", "my-books\my-books.csproj", "{3AB69013-EA2F-4202-B832-9A6B214B5972}"
EndProject
Global
	GlobalSection(SolutionConfigurationPlatforms) = preSolution
		Debug|Any CPU = Debug|Any CPU
		Release|Any CPU = Release|Any CPU
	EndGlobalSection
	GlobalSection(ProjectConfigurationPlatforms) = postSolution
		{3AB69013-EA2F-4202-B832-9A6B214B5972}.Debug|Any CPU.ActiveCfg = Debug|Any CPU
		{3AB69013-EA2F-4202-B832-9A6B214B5972}.Debug|Any CPU.Build.0 = Debug|Any CPU
		{3AB69013-EA2F-4202-B832-9A6B214B5972}.Release|Any CPU.ActiveCfg = Release|Any CPU
		{3AB69013-EA2F-4202-B832-9A6B214B5972}.Release|Any CPU.Build.0 = Release|Any CPU
	EndGlobalSection
	GlobalSection(SolutionProperties) = preSolution
		HideSolutionNode = FALSE
	EndGlobalSection
	GlobalSection(ExtensibilityGlobals) = postSolution
		SolutionGuid = {EF2D1659-9238-429C-B8E5-47FB29BAF5C8}
	EndGlobalSection
EndGlobal
